// !$*UTF8*$!
{
	archiveVersion = 1;
	classes = {
	};
	objectVersion = 46;
	objects = {

/* Begin PBXBuildFile section */
		E402324A1E42351900DD6B5E /* AppDelegate.swift in Sources */ = {isa = PBXBuildFile; fileRef = E40232491E42351900DD6B5E /* AppDelegate.swift */; };
		E402324C1E42351900DD6B5E /* ViewController.swift in Sources */ = {isa = PBXBuildFile; fileRef = E402324B1E42351900DD6B5E /* ViewController.swift */; };
		E402324E1E42351900DD6B5E /* Assets.xcassets in Resources */ = {isa = PBXBuildFile; fileRef = E402324D1E42351900DD6B5E /* Assets.xcassets */; };
		E40232511E42351900DD6B5E /* Main.storyboard in Resources */ = {isa = PBXBuildFile; fileRef = E402324F1E42351900DD6B5E /* Main.storyboard */; };
		E402325C1E42351900DD6B5E /* InterestCalculatorTests.swift in Sources */ = {isa = PBXBuildFile; fileRef = E402325B1E42351900DD6B5E /* InterestCalculatorTests.swift */; };
/* End PBXBuildFile section */

/* Begin PBXContainerItemProxy section */
		E40232581E42351900DD6B5E /* PBXContainerItemProxy */ = {
			isa = PBXContainerItemProxy;
			containerPortal = E402323E1E42351900DD6B5E /* Project object */;
			proxyType = 1;
			remoteGlobalIDString = E40232451E42351900DD6B5E;
			remoteInfo = InterestCalculator;
		};
/* End PBXContainerItemProxy section */

/* Begin PBXFileReference section */
		E40232461E42351900DD6B5E /* InterestCalculator.app */ = {isa = PBXFileReference; explicitFileType = wrapper.application; includeInIndex = 0; path = InterestCalculator.app; sourceTree = BUILT_PRODUCTS_DIR; };
		E40232491E42351900DD6B5E /* AppDelegate.swift */ = {isa = PBXFileReference; lastKnownFileType = sourcecode.swift; path = AppDelegate.swift; sourceTree = "<group>"; };
		E402324B1E42351900DD6B5E /* ViewController.swift */ = {isa = PBXFileReference; lastKnownFileType = sourcecode.swift; path = ViewController.swift; sourceTree = "<group>"; };
		E402324D1E42351900DD6B5E /* Assets.xcassets */ = {isa = PBXFileReference; lastKnownFileType = folder.assetcatalog; path = Assets.xcassets; sourceTree = "<group>"; };
		E40232501E42351900DD6B5E /* Base */ = {isa = PBXFileReference; lastKnownFileType = file.storyboard; name = Base; path = Base.lproj/Main.storyboard; sourceTree = "<group>"; };
		E40232521E42351900DD6B5E /* Info.plist */ = {isa = PBXFileReference; lastKnownFileType = text.plist.xml; path = Info.plist; sourceTree = "<group>"; };
		E40232571E42351900DD6B5E /* InterestCalculatorTests.xctest */ = {isa = PBXFileReference; explicitFileType = wrapper.cfbundle; includeInIndex = 0; path = InterestCalculatorTests.xctest; sourceTree = BUILT_PRODUCTS_DIR; };
		E402325B1E42351900DD6B5E /* InterestCalculatorTests.swift */ = {isa = PBXFileReference; lastKnownFileType = sourcecode.swift; path = InterestCalculatorTests.swift; sourceTree = "<group>"; };
		E402325D1E42351900DD6B5E /* Info.plist */ = {isa = PBXFileReference; lastKnownFileType = text.plist.xml; path = Info.plist; sourceTree = "<group>"; };
/* End PBXFileReference section */

/* Begin PBXFrameworksBuildPhase section */
		E40232431E42351900DD6B5E /* Frameworks */ = {
			isa = PBXFrameworksBuildPhase;
			buildActionMask = 2147483647;
			files = (
			);
			runOnlyForDeploymentPostprocessing = 0;
		};
		E40232541E42351900DD6B5E /* Frameworks */ = {
			isa = PBXFrameworksBuildPhase;
			buildActionMask = 2147483647;
			files = (
			);
			runOnlyForDeploymentPostprocessing = 0;
		};
/* End PBXFrameworksBuildPhase section */

/* Begin PBXGroup section */
		E402323D1E42351900DD6B5E = {
			isa = PBXGroup;
			children = (
				E40232481E42351900DD6B5E /* InterestCalculator */,
				E402325A1E42351900DD6B5E /* InterestCalculatorTests */,
				E40232471E42351900DD6B5E /* Products */,
			);
			sourceTree = "<group>";
		};
		E40232471E42351900DD6B5E /* Products */ = {
			isa = PBXGroup;
			children = (
				E40232461E42351900DD6B5E /* InterestCalculator.app */,
				E40232571E42351900DD6B5E /* InterestCalculatorTests.xctest */,
			);
			name = Products;
			sourceTree = "<group>";
		};
		E40232481E42351900DD6B5E /* InterestCalculator */ = {
			isa = PBXGroup;
			children = (
				E40232491E42351900DD6B5E /* AppDelegate.swift */,
				E402324B1E42351900DD6B5E /* ViewController.swift */,
				E402324D1E42351900DD6B5E /* Assets.xcassets */,
				E402324F1E42351900DD6B5E /* Main.storyboard */,
				E40232521E42351900DD6B5E /* Info.plist */,
			);
			path = InterestCalculator;
			sourceTree = "<group>";
		};
		E402325A1E42351900DD6B5E /* InterestCalculatorTests */ = {
			isa = PBXGroup;
			children = (
				E402325B1E42351900DD6B5E /* InterestCalculatorTests.swift */,
				E402325D1E42351900DD6B5E /* Info.plist */,
			);
			path = InterestCalculatorTests;
			sourceTree = "<group>";
		};
/* End PBXGroup section */

/* Begin PBXNativeTarget section */
		E40232451E42351900DD6B5E /* InterestCalculator */ = {
			isa = PBXNativeTarget;
			buildConfigurationList = E40232601E42351900DD6B5E /* Build configuration list for PBXNativeTarget "InterestCalculator" */;
			buildPhases = (
				E40232421E42351900DD6B5E /* Sources */,
				E40232431E42351900DD6B5E /* Frameworks */,
				E40232441E42351900DD6B5E /* Resources */,
			);
			buildRules = (
			);
			dependencies = (
			);
			name = InterestCalculator;
			productName = InterestCalculator;
			productReference = E40232461E42351900DD6B5E /* InterestCalculator.app */;
			productType = "com.apple.product-type.application";
		};
		E40232561E42351900DD6B5E /* InterestCalculatorTests */ = {
			isa = PBXNativeTarget;
			buildConfigurationList = E40232631E42351900DD6B5E /* Build configuration list for PBXNativeTarget "InterestCalculatorTests" */;
			buildPhases = (
				E40232531E42351900DD6B5E /* Sources */,
				E40232541E42351900DD6B5E /* Frameworks */,
				E40232551E42351900DD6B5E /* Resources */,
			);
			buildRules = (
			);
			dependencies = (
				E40232591E42351900DD6B5E /* PBXTargetDependency */,
			);
			name = InterestCalculatorTests;
			productName = InterestCalculatorTests;
			productReference = E40232571E42351900DD6B5E /* InterestCalculatorTests.xctest */;
			productType = "com.apple.product-type.bundle.unit-test";
		};
/* End PBXNativeTarget section */

/* Begin PBXProject section */
		E402323E1E42351900DD6B5E /* Project object */ = {
			isa = PBXProject;
			attributes = {
				LastSwiftUpdateCheck = 0820;
				LastUpgradeCheck = 0820;
				ORGANIZATIONNAME = "Bradley Reed";
				TargetAttributes = {
					E40232451E42351900DD6B5E = {
						CreatedOnToolsVersion = 8.2.1;
						DevelopmentTeam = Y5L9BEDF4H;
						ProvisioningStyle = Automatic;
					};
					E40232561E42351900DD6B5E = {
						CreatedOnToolsVersion = 8.2.1;
						DevelopmentTeam = Y5L9BEDF4H;
						ProvisioningStyle = Automatic;
						TestTargetID = E40232451E42351900DD6B5E;
					};
				};
			};
			buildConfigurationList = E40232411E42351900DD6B5E /* Build configuration list for PBXProject "InterestCalculator" */;
			compatibilityVersion = "Xcode 3.2";
			developmentRegion = English;
			hasScannedForEncodings = 0;
			knownRegions = (
				en,
				Base,
			);
			mainGroup = E402323D1E42351900DD6B5E;
			productRefGroup = E40232471E42351900DD6B5E /* Products */;
			projectDirPath = "";
			projectRoot = "";
			targets = (
				E40232451E42351900DD6B5E /* InterestCalculator */,
				E40232561E42351900DD6B5E /* InterestCalculatorTests */,
			);
		};
/* End PBXProject section */

/* Begin PBXResourcesBuildPhase section */
		E40232441E42351900DD6B5E /* Resources */ = {
			isa = PBXResourcesBuildPhase;
			buildActionMask = 2147483647;
			files = (
				E402324E1E42351900DD6B5E /* Assets.xcassets in Resources */,
				E40232511E42351900DD6B5E /* Main.storyboard in Resources */,
			);
			runOnlyForDeploymentPostprocessing = 0;
		};
		E40232551E42351900DD6B5E /* Resources */ = {
			isa = PBXResourcesBuildPhase;
			buildActionMask = 2147483647;
			files = (
			);
			runOnlyForDeploymentPostprocessing = 0;
		};
/* End PBXResourcesBuildPhase section */

/* Begin PBXSourcesBuildPhase section */
		E40232421E42351900DD6B5E /* Sources */ = {
			isa = PBXSourcesBuildPhase;
			buildActionMask = 2147483647;
			files = (
				E402324C1E42351900DD6B5E /* ViewController.swift in Sources */,
				E402324A1E42351900DD6B5E /* AppDelegate.swift in Sources */,
			);
			runOnlyForDeploymentPostprocessing = 0;
		};
		E40232531E42351900DD6B5E /* Sources */ = {
			isa = PBXSourcesBuildPhase;
			buildActionMask = 2147483647;
			files = (
				E402325C1E42351900DD6B5E /* InterestCalculatorTests.swift in Sources */,
			);
			runOnlyForDeploymentPostprocessing = 0;
		};
/* End PBXSourcesBuildPhase section */

/* Begin PBXTargetDependency section */
		E40232591E42351900DD6B5E /* PBXTargetDependency */ = {
			isa = PBXTargetDependency;
			target = E40232451E42351900DD6B5E /* InterestCalculator */;
			targetProxy = E40232581E42351900DD6B5E /* PBXContainerItemProxy */;
		};
/* End PBXTargetDependency section */

/* Begin PBXVariantGroup section */
		E402324F1E42351900DD6B5E /* Main.storyboard */ = {
			isa = PBXVariantGroup;
			children = (
				E40232501E42351900DD6B5E /* Base */,
			);
			name = Main.storyboard;
			sourceTree = "<group>";
		};
/* End PBXVariantGroup section */

/* Begin XCBuildConfiguration section */
		E402325E1E42351900DD6B5E /* Debug */ = {
			isa = XCBuildConfiguration;
			buildSettings = {
				ALWAYS_SEARCH_USER_PATHS = NO;
				CLANG_ANALYZER_NONNULL = YES;
				CLANG_CXX_LANGUAGE_STANDARD = "gnu++0x";
				CLANG_CXX_LIBRARY = "libc++";
				CLANG_ENABLE_MODULES = YES;
				CLANG_ENABLE_OBJC_ARC = YES;
				CLANG_WARN_BOOL_CONVERSION = YES;
				CLANG_WARN_CONSTANT_CONVERSION = YES;
				CLANG_WARN_DIRECT_OBJC_ISA_USAGE = YES_ERROR;
				CLANG_WARN_DOCUMENTATION_COMMENTS = YES;
				CLANG_WARN_EMPTY_BODY = YES;
				CLANG_WARN_ENUM_CONVERSION = YES;
				CLANG_WARN_INFINITE_RECURSION = YES;
				CLANG_WARN_INT_CONVERSION = YES;
				CLANG_WARN_OBJC_ROOT_CLASS = YES_ERROR;
				CLANG_WARN_SUSPICIOUS_MOVE = YES;
				CLANG_WARN_UNREACHABLE_CODE = YES;
				CLANG_WARN__DUPLICATE_METHOD_MATCH = YES;
				CODE_SIGN_IDENTITY = "-";
				COPY_PHASE_STRIP = NO;
				DEBUG_INFORMATION_FORMAT = dwarf;
				ENABLE_STRICT_OBJC_MSGSEND = YES;
				ENABLE_TESTABILITY = YES;
				GCC_C_LANGUAGE_STANDARD = gnu99;
				GCC_DYNAMIC_NO_PIC = NO;
				GCC_NO_COMMON_BLOCKS = YES;
				GCC_OPTIMIZATION_LEVEL = 0;
				GCC_PREPROCESSOR_DEFINITIONS = (
					"DEBUG=1",
					"$(inherited)",
				);
				GCC_WARN_64_TO_32_BIT_CONVERSION = YES;
				GCC_WARN_ABOUT_RETURN_TYPE = YES_ERROR;
				GCC_WARN_UNDECLARED_SELECTOR = YES;
				GCC_WARN_UNINITIALIZED_AUTOS = YES_AGGRESSIVE;
				GCC_WARN_UNUSED_FUNCTION = YES;
				GCC_WARN_UNUSED_VARIABLE = YES;
				MACOSX_DEPLOYMENT_TARGET = 10.12;
				MTL_ENABLE_DEBUG_INFO = YES;
				ONLY_ACTIVE_ARCH = YES;
				SDKROOT = macosx;
				SWIFT_ACTIVE_COMPILATION_CONDITIONS = DEBUG;
				SWIFT_OPTIMIZATION_LEVEL = "-Onone";
			};
			name = Debug;
		};
		E402325F1E42351900DD6B5E /* Release */ = {
			isa = XCBuildConfiguration;
			buildSettings = {
				ALWAYS_SEARCH_USER_PATHS = NO;
				CLANG_ANALYZER_NONNULL = YES;
				CLANG_CXX_LANGUAGE_STANDARD = "gnu++0x";
				CLANG_CXX_LIBRARY = "libc++";
				CLANG_ENABLE_MODULES = YES;
				CLANG_ENABLE_OBJC_ARC = YES;
				CLANG_WARN_BOOL_CONVERSION = YES;
				CLANG_WARN_CONSTANT_CONVERSION = YES;
				CLANG_WARN_DIRECT_OBJC_ISA_USAGE = YES_ERROR;
				CLANG_WARN_DOCUMENTATION_COMMENTS = YES;
				CLANG_WARN_EMPTY_BODY = YES;
				CLANG_WARN_ENUM_CONVERSION = YES;
				CLANG_WARN_INFINITE_RECURSION = YES;
				CLANG_WARN_INT_CONVERSION = YES;
				CLANG_WARN_OBJC_ROOT_CLASS = YES_ERROR;
				CLANG_WARN_SUSPICIOUS_MOVE = YES;
				CLANG_WARN_UNREACHABLE_CODE = YES;
				CLANG_WARN__DUPLICATE_METHOD_MATCH = YES;
				CODE_SIGN_IDENTITY = "-";
				COPY_PHASE_STRIP = NO;
				DEBUG_INFORMATION_FORMAT = "dwarf-with-dsym";
				ENABLE_NS_ASSERTIONS = NO;
				ENABLE_STRICT_OBJC_MSGSEND = YES;
				GCC_C_LANGUAGE_STANDARD = gnu99;
				GCC_NO_COMMON_BLOCKS = YES;
				GCC_WARN_64_TO_32_BIT_CONVERSION = YES;
				GCC_WARN_ABOUT_RETURN_TYPE = YES_ERROR;
				GCC_WARN_UNDECLARED_SELECTOR = YES;
				GCC_WARN_UNINITIALIZED_AUTOS = YES_AGGRESSIVE;
				GCC_WARN_UNUSED_FUNCTION = YES;
				GCC_WARN_UNUSED_VARIABLE = YES;
				MACOSX_DEPLOYMENT_TARGET = 10.12;
				MTL_ENABLE_DEBUG_INFO = NO;
				SDKROOT = macosx;
				SWIFT_OPTIMIZATION_LEVEL = "-Owholemodule";
			};
			name = Release;
		};
		E40232611E42351900DD6B5E /* Debug */ = {
			isa = XCBuildConfiguration;
			buildSettings = {
				ASSETCATALOG_COMPILER_APPICON_NAME = AppIcon;
				COMBINE_HIDPI_IMAGES = YES;
				DEVELOPMENT_TEAM = Y5L9BEDF4H;
				INFOPLIST_FILE = InterestCalculator/Info.plist;
				LD_RUNPATH_SEARCH_PATHS = "$(inherited) @executable_path/../Frameworks";
				PRODUCT_BUNDLE_IDENTIFIER = uk.co.bradreed.InterestCalculator;
				PRODUCT_NAME = "$(TARGET_NAME)";
				SWIFT_VERSION = 3.0;
			};
			name = Debug;
		};
		E40232621E42351900DD6B5E /* Release */ = {
			isa = XCBuildConfiguration;
			buildSettings = {
				ASSETCATALOG_COMPILER_APPICON_NAME = AppIcon;
				COMBINE_HIDPI_IMAGES = YES;
				DEVELOPMENT_TEAM = Y5L9BEDF4H;
				INFOPLIST_FILE = InterestCalculator/Info.plist;
				LD_RUNPATH_SEARCH_PATHS = "$(inherited) @executable_path/../Frameworks";
				PRODUCT_BUNDLE_IDENTIFIER = uk.co.bradreed.InterestCalculator;
				PRODUCT_NAME = "$(TARGET_NAME)";
				SWIFT_VERSION = 3.0;
			};
			name = Release;
		};
		E40232641E42351900DD6B5E /* Debug */ = {
			isa = XCBuildConfiguration;
			buildSettings = {
				ALWAYS_EMBED_SWIFT_STANDARD_LIBRARIES = YES;
				BUNDLE_LOADER = "$(TEST_HOST)";
				COMBINE_HIDPI_IMAGES = YES;
				DEVELOPMENT_TEAM = Y5L9BEDF4H;
				INFOPLIST_FILE = InterestCalculatorTests/Info.plist;
				LD_RUNPATH_SEARCH_PATHS = "$(inherited) @executable_path/../Frameworks @loader_path/../Frameworks";
				PRODUCT_BUNDLE_IDENTIFIER = uk.co.bradreed.InterestCalculatorTests;
				PRODUCT_NAME = "$(TARGET_NAME)";
				SWIFT_VERSION = 3.0;
				TEST_HOST = "$(BUILT_PRODUCTS_DIR)/InterestCalculator.app/Contents/MacOS/InterestCalculator";
			};
			name = Debug;
		};
		E40232651E42351900DD6B5E /* Release */ = {
			isa = XCBuildConfiguration;
			buildSettings = {
				ALWAYS_EMBED_SWIFT_STANDARD_LIBRARIES = YES;
				BUNDLE_LOADER = "$(TEST_HOST)";
				COMBINE_HIDPI_IMAGES = YES;
				DEVELOPMENT_TEAM = Y5L9BEDF4H;
				INFOPLIST_FILE = InterestCalculatorTests/Info.plist;
				LD_RUNPATH_SEARCH_PATHS = "$(inherited) @executable_path/../Frameworks @loader_path/../Frameworks";
				PRODUCT_BUNDLE_IDENTIFIER = uk.co.bradreed.InterestCalculatorTests;
				PRODUCT_NAME = "$(TARGET_NAME)";
				SWIFT_VERSION = 3.0;
				TEST_HOST = "$(BUILT_PRODUCTS_DIR)/InterestCalculator.app/Contents/MacOS/InterestCalculator";
			};
			name = Release;
		};
/* End XCBuildConfiguration section */

/* Begin XCConfigurationList section */
		E40232411E42351900DD6B5E /* Build configuration list for PBXProject "InterestCalculator" */ = {
			isa = XCConfigurationList;
			buildConfigurations = (
				E402325E1E42351900DD6B5E /* Debug */,
				E402325F1E42351900DD6B5E /* Release */,
			);
			defaultConfigurationIsVisible = 0;
			defaultConfigurationName = Release;
		};
		E40232601E42351900DD6B5E /* Build configuration list for PBXNativeTarget "InterestCalculator" */ = {
			isa = XCConfigurationList;
			buildConfigurations = (
				E40232611E42351900DD6B5E /* Debug */,
				E40232621E42351900DD6B5E /* Release */,
			);
			defaultConfigurationIsVisible = 0;
		};
		E40232631E42351900DD6B5E /* Build configuration list for PBXNativeTarget "InterestCalculatorTests" */ = {
			isa = XCConfigurationList;
			buildConfigurations = (
				E40232641E42351900DD6B5E /* Debug */,
				E40232651E42351900DD6B5E /* Release */,
			);
			defaultConfigurationIsVisible = 0;
		};
/* End XCConfigurationList section */
	};
	rootObject = E402323E1E42351900DD6B5E /* Project object */;
}
